
Microsoft Visual Studio Solution File, Format Version 12.00
# Visual Studio Version 17
VisualStudioVersion = 17.8.34525.116
MinimumVisualStudioVersion = 10.0.40219.1
Project("{FAE04EC0-301F-11D3-BF4B-00C04F79EFBC}") = "MegaMapper", "MegaMapper.csproj", "{FBEDA7AE-D309-4ACB-91B5-209C054527EE}"
EndProject
Global
	GlobalSection(SolutionConfigurationPlatforms) = preSolution
		Debug|Any CPU = Debug|Any CPU
		Release|Any CPU = Release|Any CPU
	EndGlobalSection
	GlobalSection(ProjectConfigurationPlatforms) = postSolution
		{FBEDA7AE-D309-4ACB-91B5-209C054527EE}.Debug|Any CPU.ActiveCfg = Debug|Any CPU
		{FBEDA7AE-D309-4ACB-91B5-209C054527EE}.Debug|Any CPU.Build.0 = Debug|Any CPU
		{FBEDA7AE-D309-4ACB-91B5-209C054527EE}.Release|Any CPU.ActiveCfg = Release|Any CPU
		{FBEDA7AE-D309-4ACB-91B5-209C054527EE}.Release|Any CPU.Build.0 = Release|Any CPU
	EndGlobalSection
	GlobalSection(SolutionProperties) = preSolution
		HideSolutionNode = FALSE
	EndGlobalSection
	GlobalSection(ExtensibilityGlobals) = postSolution
		SolutionGuid = {0CEB6B2E-36BF-45AC-8FAA-422B99396FCC}
	EndGlobalSection
EndGlobal
